
Microsoft Visual Studio Solution File, Format Version 12.00
# Visual Studio Version 17
VisualStudioVersion = 17.0.31903.59
MinimumVisualStudioVersion = 10.0.40219.1
Project("{9A19103F-16F7-4668-BE54-9A1E7A4F7556}") = "NaturalnieApp2", "NaturalnieApp2.csproj", "{C7CDF20A-C0CD-41B1-971F-E13F83068DEA}"
EndProject
Project("{54435603-DBB4-11D2-8724-00A0C9A8B90C}") = "NaturalnieApp2.0_Installer", "..\NaturalnieApp2.0_Installer\NaturalnieApp2.0_Installer.vdproj", "{0002E4F6-AC4A-4864-A278-296EDD140880}"
EndProject
Project("{9A19103F-16F7-4668-BE54-9A1E7A4F7556}") = "NaturalnieApp2.Tests", "..\NaturalnieApp2.Tests\NaturalnieApp2.Tests.csproj", "{5A8AC061-8D9D-4BBC-A4D9-CB36F3B9DD4A}"
EndProject
Global
	GlobalSection(SolutionConfigurationPlatforms) = preSolution
		Debug|Any CPU = Debug|Any CPU
		Debug|arm64 = Debug|arm64
		Debug|x64 = Debug|x64
		Release|Any CPU = Release|Any CPU
		Release|arm64 = Release|arm64
		Release|x64 = Release|x64
	EndGlobalSection
	GlobalSection(ProjectConfigurationPlatforms) = postSolution
		{C7CDF20A-C0CD-41B1-971F-E13F83068DEA}.Debug|Any CPU.ActiveCfg = Debug|Any CPU
		{C7CDF20A-C0CD-41B1-971F-E13F83068DEA}.Debug|Any CPU.Build.0 = Debug|Any CPU
		{C7CDF20A-C0CD-41B1-971F-E13F83068DEA}.Debug|arm64.ActiveCfg = Debug|Any CPU
		{C7CDF20A-C0CD-41B1-971F-E13F83068DEA}.Debug|arm64.Build.0 = Debug|Any CPU
		{C7CDF20A-C0CD-41B1-971F-E13F83068DEA}.Debug|x64.ActiveCfg = Debug|x64
		{C7CDF20A-C0CD-41B1-971F-E13F83068DEA}.Debug|x64.Build.0 = Debug|x64
		{C7CDF20A-C0CD-41B1-971F-E13F83068DEA}.Release|Any CPU.ActiveCfg = Release|Any CPU
		{C7CDF20A-C0CD-41B1-971F-E13F83068DEA}.Release|Any CPU.Build.0 = Release|Any CPU
		{C7CDF20A-C0CD-41B1-971F-E13F83068DEA}.Release|arm64.ActiveCfg = Release|Any CPU
		{C7CDF20A-C0CD-41B1-971F-E13F83068DEA}.Release|arm64.Build.0 = Release|Any CPU
		{C7CDF20A-C0CD-41B1-971F-E13F83068DEA}.Release|x64.ActiveCfg = Release|x64
		{C7CDF20A-C0CD-41B1-971F-E13F83068DEA}.Release|x64.Build.0 = Release|x64
		{0002E4F6-AC4A-4864-A278-296EDD140880}.Debug|Any CPU.ActiveCfg = Debug
		{0002E4F6-AC4A-4864-A278-296EDD140880}.Debug|arm64.ActiveCfg = Debug
		{0002E4F6-AC4A-4864-A278-296EDD140880}.Debug|arm64.Build.0 = Debug
		{0002E4F6-AC4A-4864-A278-296EDD140880}.Debug|x64.ActiveCfg = Debug
		{0002E4F6-AC4A-4864-A278-296EDD140880}.Debug|x64.Build.0 = Debug
		{0002E4F6-AC4A-4864-A278-296EDD140880}.Release|Any CPU.ActiveCfg = Release
		{0002E4F6-AC4A-4864-A278-296EDD140880}.Release|arm64.ActiveCfg = Release
		{0002E4F6-AC4A-4864-A278-296EDD140880}.Release|arm64.Build.0 = Release
		{0002E4F6-AC4A-4864-A278-296EDD140880}.Release|x64.ActiveCfg = Release
		{0002E4F6-AC4A-4864-A278-296EDD140880}.Release|x64.Build.0 = Release
		{5A8AC061-8D9D-4BBC-A4D9-CB36F3B9DD4A}.Debug|Any CPU.ActiveCfg = Debug|Any CPU
		{5A8AC061-8D9D-4BBC-A4D9-CB36F3B9DD4A}.Debug|Any CPU.Build.0 = Debug|Any CPU
		{5A8AC061-8D9D-4BBC-A4D9-CB36F3B9DD4A}.Debug|arm64.ActiveCfg = Debug|Any CPU
		{5A8AC061-8D9D-4BBC-A4D9-CB36F3B9DD4A}.Debug|arm64.Build.0 = Debug|Any CPU
		{5A8AC061-8D9D-4BBC-A4D9-CB36F3B9DD4A}.Debug|x64.ActiveCfg = Debug|Any CPU
		{5A8AC061-8D9D-4BBC-A4D9-CB36F3B9DD4A}.Debug|x64.Build.0 = Debug|Any CPU
		{5A8AC061-8D9D-4BBC-A4D9-CB36F3B9DD4A}.Release|Any CPU.ActiveCfg = Release|Any CPU
		{5A8AC061-8D9D-4BBC-A4D9-CB36F3B9DD4A}.Release|Any CPU.Build.0 = Release|Any CPU
		{5A8AC061-8D9D-4BBC-A4D9-CB36F3B9DD4A}.Release|arm64.ActiveCfg = Release|Any CPU
		{5A8AC061-8D9D-4BBC-A4D9-CB36F3B9DD4A}.Release|arm64.Build.0 = Release|Any CPU
		{5A8AC061-8D9D-4BBC-A4D9-CB36F3B9DD4A}.Release|x64.ActiveCfg = Release|Any CPU
		{5A8AC061-8D9D-4BBC-A4D9-CB36F3B9DD4A}.Release|x64.Build.0 = Release|Any CPU
	EndGlobalSection
	GlobalSection(SolutionProperties) = preSolution
		HideSolutionNode = FALSE
	EndGlobalSection
	GlobalSection(ExtensibilityGlobals) = postSolution
		SolutionGuid = {3A03D707-2ACC-437F-AC3B-49060E4F80B9}
	EndGlobalSection
EndGlobal
